metadata:
  version: "1.0"
artifacts:
  - download_url: https://indy.corp.redhat.com/api/content/maven/hosted/pnc-builds/org/kie/trustyai/explainability-service/999.0.0.managedsvc-redhat-02007/explainability-service-999.0.0.managedsvc-redhat-02007.zip
    checksum: sha256:210ff86d594edc6e528af1cc46d053edf9b1bf385c7e7c3d14dc3bd5a9a98b5f
