metadata:
  version: "1.0"
artifacts:
  - download_url: https://indy.corp.redhat.com/api/content/maven/hosted/pnc-builds/org/kie/trustyai/explainability-service/999.0.0.managedsvc-redhat-02073/explainability-service-999.0.0.managedsvc-redhat-02073.zip
    checksum: sha256:29962df8e24870641e3af912df8099f4201b97141ade2d66032a98cabe4e973b
