arches:
- arch: x86_64
  module_metadata: []
  packages:
  - checksum: sha256:95bf43f66a297fc75b01dfb766d3720bb75f04f8cbd84aa0c1952a573a199e80
    evr: 6.0-57.el9
    name: unzip
    repoid: ubi-9-baseos-rpms
    size: 190691
    sourcerpm: unzip-6.0-57.el9.src.rpm
    url: https://cdn-ubi.redhat.com/content/public/ubi/dist/ubi9/9/x86_64/baseos/os/Packages/u/unzip-6.0-57.el9.x86_64.rpm
  source: []
lockfileVendor: redhat
lockfileVersion: 1
